
Microsoft Visual Studio Solution File, Format Version 12.00
# Visual Studio 14
VisualStudioVersion = 14.0.25420.1
MinimumVisualStudioVersion = 10.0.40219.1
Project("{2150E333-8FDC-42A3-9474-1A3956D46DE8}") = "src", "src", "{8008EB65-B1EA-468A-AF32-80CBBB775E15}"
EndProject
Project("{2150E333-8FDC-42A3-9474-1A3956D46DE8}") = "Solution Items", "Solution Items", "{4C316F15-3E1B-449D-B779-FC84FB44F04E}"
	ProjectSection(SolutionItems) = preProject
		global.json = global.json
	EndProjectSection
EndProject
Project("{8BB2217D-0F2D-49D1-97BC-3654ED321F3B}") = "Angular2NgPrime", "Angular2NgPrime\Angular2NgPrime.xproj", "{7AF92960-A9DC-4D22-A9DE-7557A9F8D70F}"
EndProject
Global
	GlobalSection(SolutionConfigurationPlatforms) = preSolution
		Debug|Any CPU = Debug|Any CPU
		Release|Any CPU = Release|Any CPU
	EndGlobalSection
	GlobalSection(ProjectConfigurationPlatforms) = postSolution
		{7AF92960-A9DC-4D22-A9DE-7557A9F8D70F}.Debug|Any CPU.ActiveCfg = Debug|Any CPU
		{7AF92960-A9DC-4D22-A9DE-7557A9F8D70F}.Debug|Any CPU.Build.0 = Debug|Any CPU
		{7AF92960-A9DC-4D22-A9DE-7557A9F8D70F}.Release|Any CPU.ActiveCfg = Release|Any CPU
		{7AF92960-A9DC-4D22-A9DE-7557A9F8D70F}.Release|Any CPU.Build.0 = Release|Any CPU
	EndGlobalSection
	GlobalSection(SolutionProperties) = preSolution
		HideSolutionNode = FALSE
	EndGlobalSection
	GlobalSection(NestedProjects) = preSolution
		{7AF92960-A9DC-4D22-A9DE-7557A9F8D70F} = {8008EB65-B1EA-468A-AF32-80CBBB775E15}
	EndGlobalSection
EndGlobal
